// !$*UTF8*$!
{
	archiveVersion = 1;
	classes = {
	};
	objectVersion = 50;
	objects = {

/* Begin PBXBuildFile section */
		F760400125BDC4D4000CA50E /* BirthdayTVC.xib in Resources */ = {isa = PBXBuildFile; fileRef = F760400025BDC4D4000CA50E /* BirthdayTVC.xib */; };
		F760400625BDC4E2000CA50E /* BirthdayTVC.swift in Sources */ = {isa = PBXBuildFile; fileRef = F760400525BDC4E2000CA50E /* BirthdayTVC.swift */; };
		F7C5C93725BDB40C0079C6DF /* AppDelegate.swift in Sources */ = {isa = PBXBuildFile; fileRef = F7C5C93625BDB40C0079C6DF /* AppDelegate.swift */; };
		F7C5C93B25BDB40C0079C6DF /* HomeVC.swift in Sources */ = {isa = PBXBuildFile; fileRef = F7C5C93A25BDB40C0079C6DF /* HomeVC.swift */; };
		F7C5C93E25BDB40C0079C6DF /* Main.storyboard in Resources */ = {isa = PBXBuildFile; fileRef = F7C5C93C25BDB40C0079C6DF /* Main.storyboard */; };
		F7C5C94025BDB40E0079C6DF /* Assets.xcassets in Resources */ = {isa = PBXBuildFile; fileRef = F7C5C93F25BDB40E0079C6DF /* Assets.xcassets */; };
		F7C5C94325BDB40E0079C6DF /* LaunchScreen.storyboard in Resources */ = {isa = PBXBuildFile; fileRef = F7C5C94125BDB40E0079C6DF /* LaunchScreen.storyboard */; };
		F7C5C94E25BDB40E0079C6DF /* testChalkboardTests.swift in Sources */ = {isa = PBXBuildFile; fileRef = F7C5C94D25BDB40E0079C6DF /* testChalkboardTests.swift */; };
		F7C5C95925BDB40E0079C6DF /* testChalkboardUITests.swift in Sources */ = {isa = PBXBuildFile; fileRef = F7C5C95825BDB40E0079C6DF /* testChalkboardUITests.swift */; };
		F7C5C97625BDB4F30079C6DF /* BaseVC.swift in Sources */ = {isa = PBXBuildFile; fileRef = F7C5C97525BDB4F30079C6DF /* BaseVC.swift */; };
		F7C5C97E25BDB5020079C6DF /* Navigation.swift in Sources */ = {isa = PBXBuildFile; fileRef = F7C5C97D25BDB5020079C6DF /* Navigation.swift */; };
		F7C5C98425BDB5120079C6DF /* API.swift in Sources */ = {isa = PBXBuildFile; fileRef = F7C5C98325BDB5120079C6DF /* API.swift */; };
		F7C5C98925BDB5180079C6DF /* UI.swift in Sources */ = {isa = PBXBuildFile; fileRef = F7C5C98825BDB5180079C6DF /* UI.swift */; };
		F7C5C99125BDB5440079C6DF /* HomeVM.swift in Sources */ = {isa = PBXBuildFile; fileRef = F7C5C99025BDB5440079C6DF /* HomeVM.swift */; };
		F7C5C99E25BDB57E0079C6DF /* FakeSplashVM.swift in Sources */ = {isa = PBXBuildFile; fileRef = F7C5C99D25BDB57E0079C6DF /* FakeSplashVM.swift */; };
		F7C5C9A525BDB5940079C6DF /* FakeSplashVC.swift in Sources */ = {isa = PBXBuildFile; fileRef = F7C5C9A425BDB5940079C6DF /* FakeSplashVC.swift */; };
		F7C5C9B525BDB6630079C6DF /* Home.storyboard in Resources */ = {isa = PBXBuildFile; fileRef = F7C5C9B425BDB6630079C6DF /* Home.storyboard */; };
		F7C5C9BB25BDB6B20079C6DF /* LoadingVC.swift in Sources */ = {isa = PBXBuildFile; fileRef = F7C5C9BA25BDB6B20079C6DF /* LoadingVC.swift */; };
		F7C5C9C025BDB6BF0079C6DF /* LoadingVC.xib in Resources */ = {isa = PBXBuildFile; fileRef = F7C5C9BF25BDB6BF0079C6DF /* LoadingVC.xib */; };
		F7C5C9CE25BDB84B0079C6DF /* UIView+Utils.swift in Sources */ = {isa = PBXBuildFile; fileRef = F7C5C9CD25BDB84B0079C6DF /* UIView+Utils.swift */; };
		F7C5C9D625BDB9A80079C6DF /* APIClient.swift in Sources */ = {isa = PBXBuildFile; fileRef = F7C5C9D525BDB9A80079C6DF /* APIClient.swift */; };
		F7C5C9DB25BDB9B00079C6DF /* APIRouter.swift in Sources */ = {isa = PBXBuildFile; fileRef = F7C5C9DA25BDB9B00079C6DF /* APIRouter.swift */; };
		F7C5C9E125BDBAFD0079C6DF /* AppError.swift in Sources */ = {isa = PBXBuildFile; fileRef = F7C5C9E025BDBAFD0079C6DF /* AppError.swift */; };
		F7C5C9EA25BDBB2D0079C6DF /* Birthdays.swift in Sources */ = {isa = PBXBuildFile; fileRef = F7C5C9E925BDBB2D0079C6DF /* Birthdays.swift */; };
/* End PBXBuildFile section */

/* Begin PBXContainerItemProxy section */
		F7C5C94A25BDB40E0079C6DF /* PBXContainerItemProxy */ = {
			isa = PBXContainerItemProxy;
			containerPortal = F7C5C92B25BDB40C0079C6DF /* Project object */;
			proxyType = 1;
			remoteGlobalIDString = F7C5C93225BDB40C0079C6DF;
			remoteInfo = testChalkboard;
		};
		F7C5C95525BDB40E0079C6DF /* PBXContainerItemProxy */ = {
			isa = PBXContainerItemProxy;
			containerPortal = F7C5C92B25BDB40C0079C6DF /* Project object */;
			proxyType = 1;
			remoteGlobalIDString = F7C5C93225BDB40C0079C6DF;
			remoteInfo = testChalkboard;
		};
/* End PBXContainerItemProxy section */

/* Begin PBXFileReference section */
		F760400025BDC4D4000CA50E /* BirthdayTVC.xib */ = {isa = PBXFileReference; lastKnownFileType = file.xib; path = BirthdayTVC.xib; sourceTree = "<group>"; };
		F760400525BDC4E2000CA50E /* BirthdayTVC.swift */ = {isa = PBXFileReference; lastKnownFileType = sourcecode.swift; path = BirthdayTVC.swift; sourceTree = "<group>"; };
		F7C5C93325BDB40C0079C6DF /* testChalkboard.app */ = {isa = PBXFileReference; explicitFileType = wrapper.application; includeInIndex = 0; path = testChalkboard.app; sourceTree = BUILT_PRODUCTS_DIR; };
		F7C5C93625BDB40C0079C6DF /* AppDelegate.swift */ = {isa = PBXFileReference; lastKnownFileType = sourcecode.swift; path = AppDelegate.swift; sourceTree = "<group>"; };
		F7C5C93A25BDB40C0079C6DF /* HomeVC.swift */ = {isa = PBXFileReference; lastKnownFileType = sourcecode.swift; path = HomeVC.swift; sourceTree = "<group>"; };
		F7C5C93D25BDB40C0079C6DF /* Base */ = {isa = PBXFileReference; lastKnownFileType = file.storyboard; name = Base; path = Base.lproj/Main.storyboard; sourceTree = "<group>"; };
		F7C5C93F25BDB40E0079C6DF /* Assets.xcassets */ = {isa = PBXFileReference; lastKnownFileType = folder.assetcatalog; path = Assets.xcassets; sourceTree = "<group>"; };
		F7C5C94225BDB40E0079C6DF /* Base */ = {isa = PBXFileReference; lastKnownFileType = file.storyboard; name = Base; path = Base.lproj/LaunchScreen.storyboard; sourceTree = "<group>"; };
		F7C5C94425BDB40E0079C6DF /* Info.plist */ = {isa = PBXFileReference; lastKnownFileType = text.plist.xml; path = Info.plist; sourceTree = "<group>"; };
		F7C5C94925BDB40E0079C6DF /* testChalkboardTests.xctest */ = {isa = PBXFileReference; explicitFileType = wrapper.cfbundle; includeInIndex = 0; path = testChalkboardTests.xctest; sourceTree = BUILT_PRODUCTS_DIR; };
		F7C5C94D25BDB40E0079C6DF /* testChalkboardTests.swift */ = {isa = PBXFileReference; lastKnownFileType = sourcecode.swift; path = testChalkboardTests.swift; sourceTree = "<group>"; };
		F7C5C94F25BDB40E0079C6DF /* Info.plist */ = {isa = PBXFileReference; lastKnownFileType = text.plist.xml; path = Info.plist; sourceTree = "<group>"; };
		F7C5C95425BDB40E0079C6DF /* testChalkboardUITests.xctest */ = {isa = PBXFileReference; explicitFileType = wrapper.cfbundle; includeInIndex = 0; path = testChalkboardUITests.xctest; sourceTree = BUILT_PRODUCTS_DIR; };
		F7C5C95825BDB40E0079C6DF /* testChalkboardUITests.swift */ = {isa = PBXFileReference; lastKnownFileType = sourcecode.swift; path = testChalkboardUITests.swift; sourceTree = "<group>"; };
		F7C5C95A25BDB40E0079C6DF /* Info.plist */ = {isa = PBXFileReference; lastKnownFileType = text.plist.xml; path = Info.plist; sourceTree = "<group>"; };
		F7C5C97525BDB4F30079C6DF /* BaseVC.swift */ = {isa = PBXFileReference; lastKnownFileType = sourcecode.swift; path = BaseVC.swift; sourceTree = "<group>"; };
		F7C5C97D25BDB5020079C6DF /* Navigation.swift */ = {isa = PBXFileReference; lastKnownFileType = sourcecode.swift; path = Navigation.swift; sourceTree = "<group>"; };
		F7C5C98325BDB5120079C6DF /* API.swift */ = {isa = PBXFileReference; lastKnownFileType = sourcecode.swift; path = API.swift; sourceTree = "<group>"; };
		F7C5C98825BDB5180079C6DF /* UI.swift */ = {isa = PBXFileReference; lastKnownFileType = sourcecode.swift; path = UI.swift; sourceTree = "<group>"; };
		F7C5C99025BDB5440079C6DF /* HomeVM.swift */ = {isa = PBXFileReference; lastKnownFileType = sourcecode.swift; path = HomeVM.swift; sourceTree = "<group>"; };
		F7C5C99D25BDB57E0079C6DF /* FakeSplashVM.swift */ = {isa = PBXFileReference; lastKnownFileType = sourcecode.swift; path = FakeSplashVM.swift; sourceTree = "<group>"; };
		F7C5C9A425BDB5940079C6DF /* FakeSplashVC.swift */ = {isa = PBXFileReference; lastKnownFileType = sourcecode.swift; path = FakeSplashVC.swift; sourceTree = "<group>"; };
		F7C5C9B425BDB6630079C6DF /* Home.storyboard */ = {isa = PBXFileReference; lastKnownFileType = file.storyboard; path = Home.storyboard; sourceTree = "<group>"; };
		F7C5C9BA25BDB6B20079C6DF /* LoadingVC.swift */ = {isa = PBXFileReference; lastKnownFileType = sourcecode.swift; path = LoadingVC.swift; sourceTree = "<group>"; };
		F7C5C9BF25BDB6BF0079C6DF /* LoadingVC.xib */ = {isa = PBXFileReference; lastKnownFileType = file.xib; path = LoadingVC.xib; sourceTree = "<group>"; };
		F7C5C9CD25BDB84B0079C6DF /* UIView+Utils.swift */ = {isa = PBXFileReference; lastKnownFileType = sourcecode.swift; path = "UIView+Utils.swift"; sourceTree = "<group>"; };
		F7C5C9D525BDB9A80079C6DF /* APIClient.swift */ = {isa = PBXFileReference; lastKnownFileType = sourcecode.swift; path = APIClient.swift; sourceTree = "<group>"; };
		F7C5C9DA25BDB9B00079C6DF /* APIRouter.swift */ = {isa = PBXFileReference; lastKnownFileType = sourcecode.swift; path = APIRouter.swift; sourceTree = "<group>"; };
		F7C5C9E025BDBAFD0079C6DF /* AppError.swift */ = {isa = PBXFileReference; lastKnownFileType = sourcecode.swift; path = AppError.swift; sourceTree = "<group>"; };
		F7C5C9E925BDBB2D0079C6DF /* Birthdays.swift */ = {isa = PBXFileReference; lastKnownFileType = sourcecode.swift; path = Birthdays.swift; sourceTree = "<group>"; };
/* End PBXFileReference section */

/* Begin PBXFrameworksBuildPhase section */
		F7C5C93025BDB40C0079C6DF /* Frameworks */ = {
			isa = PBXFrameworksBuildPhase;
			buildActionMask = 2147483647;
			files = (
			);
			runOnlyForDeploymentPostprocessing = 0;
		};
		F7C5C94625BDB40E0079C6DF /* Frameworks */ = {
			isa = PBXFrameworksBuildPhase;
			buildActionMask = 2147483647;
			files = (
			);
			runOnlyForDeploymentPostprocessing = 0;
		};
		F7C5C95125BDB40E0079C6DF /* Frameworks */ = {
			isa = PBXFrameworksBuildPhase;
			buildActionMask = 2147483647;
			files = (
			);
			runOnlyForDeploymentPostprocessing = 0;
		};
/* End PBXFrameworksBuildPhase section */

/* Begin PBXGroup section */
		F7603FFE25BDC4BB000CA50E /* Reusable */ = {
			isa = PBXGroup;
			children = (
				F7603FFF25BDC4C0000CA50E /* BirthdayTVC */,
			);
			path = Reusable;
			sourceTree = "<group>";
		};
		F7603FFF25BDC4C0000CA50E /* BirthdayTVC */ = {
			isa = PBXGroup;
			children = (
				F760400025BDC4D4000CA50E /* BirthdayTVC.xib */,
				F760400525BDC4E2000CA50E /* BirthdayTVC.swift */,
			);
			path = BirthdayTVC;
			sourceTree = "<group>";
		};
		F7C5C92A25BDB40C0079C6DF = {
			isa = PBXGroup;
			children = (
				F7C5C93525BDB40C0079C6DF /* testChalkboard */,
				F7C5C94C25BDB40E0079C6DF /* testChalkboardTests */,
				F7C5C95725BDB40E0079C6DF /* testChalkboardUITests */,
				F7C5C93425BDB40C0079C6DF /* Products */,
			);
			sourceTree = "<group>";
		};
		F7C5C93425BDB40C0079C6DF /* Products */ = {
			isa = PBXGroup;
			children = (
				F7C5C93325BDB40C0079C6DF /* testChalkboard.app */,
				F7C5C94925BDB40E0079C6DF /* testChalkboardTests.xctest */,
				F7C5C95425BDB40E0079C6DF /* testChalkboardUITests.xctest */,
			);
			name = Products;
			sourceTree = "<group>";
		};
		F7C5C93525BDB40C0079C6DF /* testChalkboard */ = {
			isa = PBXGroup;
			children = (
				F7C5C97225BDB4D70079C6DF /* Application */,
				F7C5C97325BDB4E30079C6DF /* Commons */,
				F7C5C98225BDB5080079C6DF /* Constants */,
				F7C5C98D25BDB5280079C6DF /* Features */,
				F7C5C9A925BDB59E0079C6DF /* Helpers */,
				F7C5C9AB25BDB5AB0079C6DF /* Models */,
				F7C5C9AE25BDB5BC0079C6DF /* Utils */,
				F7C5C9AD25BDB5B60079C6DF /* Service */,
				F7C5C9AC25BDB5B00079C6DF /* Resources */,
				F7C5C93F25BDB40E0079C6DF /* Assets.xcassets */,
			);
			path = testChalkboard;
			sourceTree = "<group>";
		};
		F7C5C94C25BDB40E0079C6DF /* testChalkboardTests */ = {
			isa = PBXGroup;
			children = (
				F7C5C94D25BDB40E0079C6DF /* testChalkboardTests.swift */,
				F7C5C94F25BDB40E0079C6DF /* Info.plist */,
			);
			path = testChalkboardTests;
			sourceTree = "<group>";
		};
		F7C5C95725BDB40E0079C6DF /* testChalkboardUITests */ = {
			isa = PBXGroup;
			children = (
				F7C5C95825BDB40E0079C6DF /* testChalkboardUITests.swift */,
				F7C5C95A25BDB40E0079C6DF /* Info.plist */,
			);
			path = testChalkboardUITests;
			sourceTree = "<group>";
		};
		F7C5C97225BDB4D70079C6DF /* Application */ = {
			isa = PBXGroup;
			children = (
				F7C5C94425BDB40E0079C6DF /* Info.plist */,
				F7C5C93625BDB40C0079C6DF /* AppDelegate.swift */,
			);
			path = Application;
			sourceTree = "<group>";
		};
		F7C5C97325BDB4E30079C6DF /* Commons */ = {
			isa = PBXGroup;
			children = (
				F7C5C97425BDB4EA0079C6DF /* Controllers */,
			);
			path = Commons;
			sourceTree = "<group>";
		};
		F7C5C97425BDB4EA0079C6DF /* Controllers */ = {
			isa = PBXGroup;
			children = (
				F7C5C9B925BDB6A40079C6DF /* LoadingVC */,
				F7C5C97525BDB4F30079C6DF /* BaseVC.swift */,
				F7C5C97D25BDB5020079C6DF /* Navigation.swift */,
			);
			path = Controllers;
			sourceTree = "<group>";
		};
		F7C5C98225BDB5080079C6DF /* Constants */ = {
			isa = PBXGroup;
			children = (
				F7C5C98325BDB5120079C6DF /* API.swift */,
				F7C5C98825BDB5180079C6DF /* UI.swift */,
			);
			path = Constants;
			sourceTree = "<group>";
		};
		F7C5C98D25BDB5280079C6DF /* Features */ = {
			isa = PBXGroup;
			children = (
				F7603FFE25BDC4BB000CA50E /* Reusable */,
				F7C5C99A25BDB5620079C6DF /* FakeSplash */,
				F7C5C98F25BDB5390079C6DF /* Home */,
				F7C5C98E25BDB5330079C6DF /* Views */,
			);
			path = Features;
			sourceTree = "<group>";
		};
		F7C5C98E25BDB5330079C6DF /* Views */ = {
			isa = PBXGroup;
			children = (
				F7C5C9B025BDB6260079C6DF /* Storyboards */,
				F7C5C9AF25BDB6210079C6DF /* Reusable */,
			);
			path = Views;
			sourceTree = "<group>";
		};
		F7C5C98F25BDB5390079C6DF /* Home */ = {
			isa = PBXGroup;
			children = (
				F7C5C9B325BDB6540079C6DF /* Views */,
				F7C5C99925BDB5510079C6DF /* HomeVC */,
				F7C5C99825BDB54A0079C6DF /* HomeVM */,
			);
			path = Home;
			sourceTree = "<group>";
		};
		F7C5C99825BDB54A0079C6DF /* HomeVM */ = {
			isa = PBXGroup;
			children = (
				F7C5C99025BDB5440079C6DF /* HomeVM.swift */,
			);
			path = HomeVM;
			sourceTree = "<group>";
		};
		F7C5C99925BDB5510079C6DF /* HomeVC */ = {
			isa = PBXGroup;
			children = (
				F7C5C93A25BDB40C0079C6DF /* HomeVC.swift */,
			);
			path = HomeVC;
			sourceTree = "<group>";
		};
		F7C5C99A25BDB5620079C6DF /* FakeSplash */ = {
			isa = PBXGroup;
			children = (
				F7C5C99C25BDB5710079C6DF /* FakeSplashVM */,
				F7C5C99B25BDB56A0079C6DF /* FakeSplashVC */,
			);
			path = FakeSplash;
			sourceTree = "<group>";
		};
		F7C5C99B25BDB56A0079C6DF /* FakeSplashVC */ = {
			isa = PBXGroup;
			children = (
				F7C5C9A425BDB5940079C6DF /* FakeSplashVC.swift */,
			);
			path = FakeSplashVC;
			sourceTree = "<group>";
		};
		F7C5C99C25BDB5710079C6DF /* FakeSplashVM */ = {
			isa = PBXGroup;
			children = (
				F7C5C99D25BDB57E0079C6DF /* FakeSplashVM.swift */,
			);
			path = FakeSplashVM;
			sourceTree = "<group>";
		};
		F7C5C9A925BDB59E0079C6DF /* Helpers */ = {
			isa = PBXGroup;
			children = (
				F7C5C9DF25BDBAF20079C6DF /* Enums */,
				F7C5C9AA25BDB5A50079C6DF /* SubClasses */,
			);
			path = Helpers;
			sourceTree = "<group>";
		};
		F7C5C9AA25BDB5A50079C6DF /* SubClasses */ = {
			isa = PBXGroup;
			children = (
			);
			path = SubClasses;
			sourceTree = "<group>";
		};
		F7C5C9AB25BDB5AB0079C6DF /* Models */ = {
			isa = PBXGroup;
			children = (
				F7C5C9E925BDBB2D0079C6DF /* Birthdays.swift */,
			);
			path = Models;
			sourceTree = "<group>";
		};
		F7C5C9AC25BDB5B00079C6DF /* Resources */ = {
			isa = PBXGroup;
			children = (
			);
			path = Resources;
			sourceTree = "<group>";
		};
		F7C5C9AD25BDB5B60079C6DF /* Service */ = {
			isa = PBXGroup;
			children = (
				F7C5C9D525BDB9A80079C6DF /* APIClient.swift */,
				F7C5C9DA25BDB9B00079C6DF /* APIRouter.swift */,
			);
			path = Service;
			sourceTree = "<group>";
		};
		F7C5C9AE25BDB5BC0079C6DF /* Utils */ = {
			isa = PBXGroup;
			children = (
				F7C5C9CD25BDB84B0079C6DF /* UIView+Utils.swift */,
			);
			path = Utils;
			sourceTree = "<group>";
		};
		F7C5C9AF25BDB6210079C6DF /* Reusable */ = {
			isa = PBXGroup;
			children = (
			);
			path = Reusable;
			sourceTree = "<group>";
		};
		F7C5C9B025BDB6260079C6DF /* Storyboards */ = {
			isa = PBXGroup;
			children = (
				F7C5C9B225BDB6360079C6DF /* Launch */,
				F7C5C9B125BDB62C0079C6DF /* Main */,
			);
			path = Storyboards;
			sourceTree = "<group>";
		};
		F7C5C9B125BDB62C0079C6DF /* Main */ = {
			isa = PBXGroup;
			children = (
				F7C5C93C25BDB40C0079C6DF /* Main.storyboard */,
			);
			path = Main;
			sourceTree = "<group>";
		};
		F7C5C9B225BDB6360079C6DF /* Launch */ = {
			isa = PBXGroup;
			children = (
				F7C5C94125BDB40E0079C6DF /* LaunchScreen.storyboard */,
			);
			path = Launch;
			sourceTree = "<group>";
		};
		F7C5C9B325BDB6540079C6DF /* Views */ = {
			isa = PBXGroup;
			children = (
				F7C5C9B425BDB6630079C6DF /* Home.storyboard */,
			);
			path = Views;
			sourceTree = "<group>";
		};
		F7C5C9B925BDB6A40079C6DF /* LoadingVC */ = {
			isa = PBXGroup;
			children = (
				F7C5C9BA25BDB6B20079C6DF /* LoadingVC.swift */,
				F7C5C9BF25BDB6BF0079C6DF /* LoadingVC.xib */,
			);
			path = LoadingVC;
			sourceTree = "<group>";
		};
		F7C5C9DF25BDBAF20079C6DF /* Enums */ = {
			isa = PBXGroup;
			children = (
				F7C5C9E025BDBAFD0079C6DF /* AppError.swift */,
			);
			path = Enums;
			sourceTree = "<group>";
		};
/* End PBXGroup section */

/* Begin PBXNativeTarget section */
		F7C5C93225BDB40C0079C6DF /* testChalkboard */ = {
			isa = PBXNativeTarget;
			buildConfigurationList = F7C5C95D25BDB40E0079C6DF /* Build configuration list for PBXNativeTarget "testChalkboard" */;
			buildPhases = (
				F7C5C92F25BDB40C0079C6DF /* Sources */,
				F7C5C93025BDB40C0079C6DF /* Frameworks */,
				F7C5C93125BDB40C0079C6DF /* Resources */,
			);
			buildRules = (
			);
			dependencies = (
			);
			name = testChalkboard;
			productName = testChalkboard;
			productReference = F7C5C93325BDB40C0079C6DF /* testChalkboard.app */;
			productType = "com.apple.product-type.application";
		};
		F7C5C94825BDB40E0079C6DF /* testChalkboardTests */ = {
			isa = PBXNativeTarget;
			buildConfigurationList = F7C5C96025BDB40E0079C6DF /* Build configuration list for PBXNativeTarget "testChalkboardTests" */;
			buildPhases = (
				F7C5C94525BDB40E0079C6DF /* Sources */,
				F7C5C94625BDB40E0079C6DF /* Frameworks */,
				F7C5C94725BDB40E0079C6DF /* Resources */,
			);
			buildRules = (
			);
			dependencies = (
				F7C5C94B25BDB40E0079C6DF /* PBXTargetDependency */,
			);
			name = testChalkboardTests;
			productName = testChalkboardTests;
			productReference = F7C5C94925BDB40E0079C6DF /* testChalkboardTests.xctest */;
			productType = "com.apple.product-type.bundle.unit-test";
		};
		F7C5C95325BDB40E0079C6DF /* testChalkboardUITests */ = {
			isa = PBXNativeTarget;
			buildConfigurationList = F7C5C96325BDB40E0079C6DF /* Build configuration list for PBXNativeTarget "testChalkboardUITests" */;
			buildPhases = (
				F7C5C95025BDB40E0079C6DF /* Sources */,
				F7C5C95125BDB40E0079C6DF /* Frameworks */,
				F7C5C95225BDB40E0079C6DF /* Resources */,
			);
			buildRules = (
			);
			dependencies = (
				F7C5C95625BDB40E0079C6DF /* PBXTargetDependency */,
			);
			name = testChalkboardUITests;
			productName = testChalkboardUITests;
			productReference = F7C5C95425BDB40E0079C6DF /* testChalkboardUITests.xctest */;
			productType = "com.apple.product-type.bundle.ui-testing";
		};
/* End PBXNativeTarget section */

/* Begin PBXProject section */
		F7C5C92B25BDB40C0079C6DF /* Project object */ = {
			isa = PBXProject;
			attributes = {
				LastSwiftUpdateCheck = 1230;
				LastUpgradeCheck = 1230;
				TargetAttributes = {
					F7C5C93225BDB40C0079C6DF = {
						CreatedOnToolsVersion = 12.3;
					};
					F7C5C94825BDB40E0079C6DF = {
						CreatedOnToolsVersion = 12.3;
						TestTargetID = F7C5C93225BDB40C0079C6DF;
					};
					F7C5C95325BDB40E0079C6DF = {
						CreatedOnToolsVersion = 12.3;
						TestTargetID = F7C5C93225BDB40C0079C6DF;
					};
				};
			};
			buildConfigurationList = F7C5C92E25BDB40C0079C6DF /* Build configuration list for PBXProject "testChalkboard" */;
			compatibilityVersion = "Xcode 9.3";
			developmentRegion = en;
			hasScannedForEncodings = 0;
			knownRegions = (
				en,
				Base,
			);
			mainGroup = F7C5C92A25BDB40C0079C6DF;
			productRefGroup = F7C5C93425BDB40C0079C6DF /* Products */;
			projectDirPath = "";
			projectRoot = "";
			targets = (
				F7C5C93225BDB40C0079C6DF /* testChalkboard */,
				F7C5C94825BDB40E0079C6DF /* testChalkboardTests */,
				F7C5C95325BDB40E0079C6DF /* testChalkboardUITests */,
			);
		};
/* End PBXProject section */

/* Begin PBXResourcesBuildPhase section */
		F7C5C93125BDB40C0079C6DF /* Resources */ = {
			isa = PBXResourcesBuildPhase;
			buildActionMask = 2147483647;
			files = (
				F760400125BDC4D4000CA50E /* BirthdayTVC.xib in Resources */,
				F7C5C9C025BDB6BF0079C6DF /* LoadingVC.xib in Resources */,
				F7C5C94325BDB40E0079C6DF /* LaunchScreen.storyboard in Resources */,
				F7C5C94025BDB40E0079C6DF /* Assets.xcassets in Resources */,
				F7C5C93E25BDB40C0079C6DF /* Main.storyboard in Resources */,
				F7C5C9B525BDB6630079C6DF /* Home.storyboard in Resources */,
			);
			runOnlyForDeploymentPostprocessing = 0;
		};
		F7C5C94725BDB40E0079C6DF /* Resources */ = {
			isa = PBXResourcesBuildPhase;
			buildActionMask = 2147483647;
			files = (
			);
			runOnlyForDeploymentPostprocessing = 0;
		};
		F7C5C95225BDB40E0079C6DF /* Resources */ = {
			isa = PBXResourcesBuildPhase;
			buildActionMask = 2147483647;
			files = (
			);
			runOnlyForDeploymentPostprocessing = 0;
		};
/* End PBXResourcesBuildPhase section */

/* Begin PBXSourcesBuildPhase section */
		F7C5C92F25BDB40C0079C6DF /* Sources */ = {
			isa = PBXSourcesBuildPhase;
			buildActionMask = 2147483647;
			files = (
				F760400625BDC4E2000CA50E /* BirthdayTVC.swift in Sources */,
				F7C5C93B25BDB40C0079C6DF /* HomeVC.swift in Sources */,
				F7C5C97625BDB4F30079C6DF /* BaseVC.swift in Sources */,
				F7C5C99E25BDB57E0079C6DF /* FakeSplashVM.swift in Sources */,
				F7C5C99125BDB5440079C6DF /* HomeVM.swift in Sources */,
				F7C5C93725BDB40C0079C6DF /* AppDelegate.swift in Sources */,
				F7C5C97E25BDB5020079C6DF /* Navigation.swift in Sources */,
				F7C5C9E125BDBAFD0079C6DF /* AppError.swift in Sources */,
				F7C5C98425BDB5120079C6DF /* API.swift in Sources */,
				F7C5C98925BDB5180079C6DF /* UI.swift in Sources */,
				F7C5C9DB25BDB9B00079C6DF /* APIRouter.swift in Sources */,
				F7C5C9A525BDB5940079C6DF /* FakeSplashVC.swift in Sources */,
				F7C5C9EA25BDBB2D0079C6DF /* Birthdays.swift in Sources */,
				F7C5C9BB25BDB6B20079C6DF /* LoadingVC.swift in Sources */,
				F7C5C9CE25BDB84B0079C6DF /* UIView+Utils.swift in Sources */,
				F7C5C9D625BDB9A80079C6DF /* APIClient.swift in Sources */,
			);
			runOnlyForDeploymentPostprocessing = 0;
		};
		F7C5C94525BDB40E0079C6DF /* Sources */ = {
			isa = PBXSourcesBuildPhase;
			buildActionMask = 2147483647;
			files = (
				F7C5C94E25BDB40E0079C6DF /* testChalkboardTests.swift in Sources */,
			);
			runOnlyForDeploymentPostprocessing = 0;
		};
		F7C5C95025BDB40E0079C6DF /* Sources */ = {
			isa = PBXSourcesBuildPhase;
			buildActionMask = 2147483647;
			files = (
				F7C5C95925BDB40E0079C6DF /* testChalkboardUITests.swift in Sources */,
			);
			runOnlyForDeploymentPostprocessing = 0;
		};
/* End PBXSourcesBuildPhase section */

/* Begin PBXTargetDependency section */
		F7C5C94B25BDB40E0079C6DF /* PBXTargetDependency */ = {
			isa = PBXTargetDependency;
			target = F7C5C93225BDB40C0079C6DF /* testChalkboard */;
			targetProxy = F7C5C94A25BDB40E0079C6DF /* PBXContainerItemProxy */;
		};
		F7C5C95625BDB40E0079C6DF /* PBXTargetDependency */ = {
			isa = PBXTargetDependency;
			target = F7C5C93225BDB40C0079C6DF /* testChalkboard */;
			targetProxy = F7C5C95525BDB40E0079C6DF /* PBXContainerItemProxy */;
		};
/* End PBXTargetDependency section */

/* Begin PBXVariantGroup section */
		F7C5C93C25BDB40C0079C6DF /* Main.storyboard */ = {
			isa = PBXVariantGroup;
			children = (
				F7C5C93D25BDB40C0079C6DF /* Base */,
			);
			name = Main.storyboard;
			sourceTree = "<group>";
		};
		F7C5C94125BDB40E0079C6DF /* LaunchScreen.storyboard */ = {
			isa = PBXVariantGroup;
			children = (
				F7C5C94225BDB40E0079C6DF /* Base */,
			);
			name = LaunchScreen.storyboard;
			sourceTree = "<group>";
		};
/* End PBXVariantGroup section */

/* Begin XCBuildConfiguration section */
		F7C5C95B25BDB40E0079C6DF /* Debug */ = {
			isa = XCBuildConfiguration;
			buildSettings = {
				ALWAYS_SEARCH_USER_PATHS = NO;
				CLANG_ANALYZER_NONNULL = YES;
				CLANG_ANALYZER_NUMBER_OBJECT_CONVERSION = YES_AGGRESSIVE;
				CLANG_CXX_LANGUAGE_STANDARD = "gnu++14";
				CLANG_CXX_LIBRARY = "libc++";
				CLANG_ENABLE_MODULES = YES;
				CLANG_ENABLE_OBJC_ARC = YES;
				CLANG_ENABLE_OBJC_WEAK = YES;
				CLANG_WARN_BLOCK_CAPTURE_AUTORELEASING = YES;
				CLANG_WARN_BOOL_CONVERSION = YES;
				CLANG_WARN_COMMA = YES;
				CLANG_WARN_CONSTANT_CONVERSION = YES;
				CLANG_WARN_DEPRECATED_OBJC_IMPLEMENTATIONS = YES;
				CLANG_WARN_DIRECT_OBJC_ISA_USAGE = YES_ERROR;
				CLANG_WARN_DOCUMENTATION_COMMENTS = YES;
				CLANG_WARN_EMPTY_BODY = YES;
				CLANG_WARN_ENUM_CONVERSION = YES;
				CLANG_WARN_INFINITE_RECURSION = YES;
				CLANG_WARN_INT_CONVERSION = YES;
				CLANG_WARN_NON_LITERAL_NULL_CONVERSION = YES;
				CLANG_WARN_OBJC_IMPLICIT_RETAIN_SELF = YES;
				CLANG_WARN_OBJC_LITERAL_CONVERSION = YES;
				CLANG_WARN_OBJC_ROOT_CLASS = YES_ERROR;
				CLANG_WARN_QUOTED_INCLUDE_IN_FRAMEWORK_HEADER = YES;
				CLANG_WARN_RANGE_LOOP_ANALYSIS = YES;
				CLANG_WARN_STRICT_PROTOTYPES = YES;
				CLANG_WARN_SUSPICIOUS_MOVE = YES;
				CLANG_WARN_UNGUARDED_AVAILABILITY = YES_AGGRESSIVE;
				CLANG_WARN_UNREACHABLE_CODE = YES;
				CLANG_WARN__DUPLICATE_METHOD_MATCH = YES;
				COPY_PHASE_STRIP = NO;
				DEBUG_INFORMATION_FORMAT = dwarf;
				ENABLE_STRICT_OBJC_MSGSEND = YES;
				ENABLE_TESTABILITY = YES;
				GCC_C_LANGUAGE_STANDARD = gnu11;
				GCC_DYNAMIC_NO_PIC = NO;
				GCC_NO_COMMON_BLOCKS = YES;
				GCC_OPTIMIZATION_LEVEL = 0;
				GCC_PREPROCESSOR_DEFINITIONS = (
					"DEBUG=1",
					"$(inherited)",
				);
				GCC_WARN_64_TO_32_BIT_CONVERSION = YES;
				GCC_WARN_ABOUT_RETURN_TYPE = YES_ERROR;
				GCC_WARN_UNDECLARED_SELECTOR = YES;
				GCC_WARN_UNINITIALIZED_AUTOS = YES_AGGRESSIVE;
				GCC_WARN_UNUSED_FUNCTION = YES;
				GCC_WARN_UNUSED_VARIABLE = YES;
				IPHONEOS_DEPLOYMENT_TARGET = 14.3;
				MTL_ENABLE_DEBUG_INFO = INCLUDE_SOURCE;
				MTL_FAST_MATH = YES;
				ONLY_ACTIVE_ARCH = YES;
				SDKROOT = iphoneos;
				SWIFT_ACTIVE_COMPILATION_CONDITIONS = DEBUG;
				SWIFT_OPTIMIZATION_LEVEL = "-Onone";
			};
			name = Debug;
		};
		F7C5C95C25BDB40E0079C6DF /* Release */ = {
			isa = XCBuildConfiguration;
			buildSettings = {
				ALWAYS_SEARCH_USER_PATHS = NO;
				CLANG_ANALYZER_NONNULL = YES;
				CLANG_ANALYZER_NUMBER_OBJECT_CONVERSION = YES_AGGRESSIVE;
				CLANG_CXX_LANGUAGE_STANDARD = "gnu++14";
				CLANG_CXX_LIBRARY = "libc++";
				CLANG_ENABLE_MODULES = YES;
				CLANG_ENABLE_OBJC_ARC = YES;
				CLANG_ENABLE_OBJC_WEAK = YES;
				CLANG_WARN_BLOCK_CAPTURE_AUTORELEASING = YES;
				CLANG_WARN_BOOL_CONVERSION = YES;
				CLANG_WARN_COMMA = YES;
				CLANG_WARN_CONSTANT_CONVERSION = YES;
				CLANG_WARN_DEPRECATED_OBJC_IMPLEMENTATIONS = YES;
				CLANG_WARN_DIRECT_OBJC_ISA_USAGE = YES_ERROR;
				CLANG_WARN_DOCUMENTATION_COMMENTS = YES;
				CLANG_WARN_EMPTY_BODY = YES;
				CLANG_WARN_ENUM_CONVERSION = YES;
				CLANG_WARN_INFINITE_RECURSION = YES;
				CLANG_WARN_INT_CONVERSION = YES;
				CLANG_WARN_NON_LITERAL_NULL_CONVERSION = YES;
				CLANG_WARN_OBJC_IMPLICIT_RETAIN_SELF = YES;
				CLANG_WARN_OBJC_LITERAL_CONVERSION = YES;
				CLANG_WARN_OBJC_ROOT_CLASS = YES_ERROR;
				CLANG_WARN_QUOTED_INCLUDE_IN_FRAMEWORK_HEADER = YES;
				CLANG_WARN_RANGE_LOOP_ANALYSIS = YES;
				CLANG_WARN_STRICT_PROTOTYPES = YES;
				CLANG_WARN_SUSPICIOUS_MOVE = YES;
				CLANG_WARN_UNGUARDED_AVAILABILITY = YES_AGGRESSIVE;
				CLANG_WARN_UNREACHABLE_CODE = YES;
				CLANG_WARN__DUPLICATE_METHOD_MATCH = YES;
				COPY_PHASE_STRIP = NO;
				DEBUG_INFORMATION_FORMAT = "dwarf-with-dsym";
				ENABLE_NS_ASSERTIONS = NO;
				ENABLE_STRICT_OBJC_MSGSEND = YES;
				GCC_C_LANGUAGE_STANDARD = gnu11;
				GCC_NO_COMMON_BLOCKS = YES;
				GCC_WARN_64_TO_32_BIT_CONVERSION = YES;
				GCC_WARN_ABOUT_RETURN_TYPE = YES_ERROR;
				GCC_WARN_UNDECLARED_SELECTOR = YES;
				GCC_WARN_UNINITIALIZED_AUTOS = YES_AGGRESSIVE;
				GCC_WARN_UNUSED_FUNCTION = YES;
				GCC_WARN_UNUSED_VARIABLE = YES;
				IPHONEOS_DEPLOYMENT_TARGET = 14.3;
				MTL_ENABLE_DEBUG_INFO = NO;
				MTL_FAST_MATH = YES;
				SDKROOT = iphoneos;
				SWIFT_COMPILATION_MODE = wholemodule;
				SWIFT_OPTIMIZATION_LEVEL = "-O";
				VALIDATE_PRODUCT = YES;
			};
			name = Release;
		};
		F7C5C95E25BDB40E0079C6DF /* Debug */ = {
			isa = XCBuildConfiguration;
			buildSettings = {
				ASSETCATALOG_COMPILER_APPICON_NAME = AppIcon;
				ASSETCATALOG_COMPILER_GLOBAL_ACCENT_COLOR_NAME = AccentColor;
				CODE_SIGN_STYLE = Automatic;
				DEVELOPMENT_TEAM = H4UJ4PQ6L8;
				INFOPLIST_FILE = testChalkboard/Application/Info.plist;
				IPHONEOS_DEPLOYMENT_TARGET = 12.0;
				LD_RUNPATH_SEARCH_PATHS = (
					"$(inherited)",
					"@executable_path/Frameworks",
				);
				PRODUCT_BUNDLE_IDENTIFIER = com.testChalkboard.testChalkboard;
				PRODUCT_NAME = "$(TARGET_NAME)";
				SWIFT_VERSION = 5.0;
				TARGETED_DEVICE_FAMILY = 1;
			};
			name = Debug;
		};
		F7C5C95F25BDB40E0079C6DF /* Release */ = {
			isa = XCBuildConfiguration;
			buildSettings = {
				ASSETCATALOG_COMPILER_APPICON_NAME = AppIcon;
				ASSETCATALOG_COMPILER_GLOBAL_ACCENT_COLOR_NAME = AccentColor;
				CODE_SIGN_STYLE = Automatic;
				DEVELOPMENT_TEAM = H4UJ4PQ6L8;
				INFOPLIST_FILE = testChalkboard/Application/Info.plist;
				IPHONEOS_DEPLOYMENT_TARGET = 12.0;
				LD_RUNPATH_SEARCH_PATHS = (
					"$(inherited)",
					"@executable_path/Frameworks",
				);
				PRODUCT_BUNDLE_IDENTIFIER = com.testChalkboard.testChalkboard;
				PRODUCT_NAME = "$(TARGET_NAME)";
				SWIFT_VERSION = 5.0;
				TARGETED_DEVICE_FAMILY = 1;
			};
			name = Release;
		};
		F7C5C96125BDB40E0079C6DF /* Debug */ = {
			isa = XCBuildConfiguration;
			buildSettings = {
				ALWAYS_EMBED_SWIFT_STANDARD_LIBRARIES = YES;
				BUNDLE_LOADER = "$(TEST_HOST)";
				CODE_SIGN_STYLE = Automatic;
				DEVELOPMENT_TEAM = H4UJ4PQ6L8;
				INFOPLIST_FILE = testChalkboardTests/Info.plist;
				IPHONEOS_DEPLOYMENT_TARGET = 14.3;
				LD_RUNPATH_SEARCH_PATHS = (
					"$(inherited)",
					"@executable_path/Frameworks",
					"@loader_path/Frameworks",
				);
				PRODUCT_BUNDLE_IDENTIFIER = com.testChalkboard.testChalkboardTests;
				PRODUCT_NAME = "$(TARGET_NAME)";
				SWIFT_VERSION = 5.0;
				TARGETED_DEVICE_FAMILY = "1,2";
				TEST_HOST = "$(BUILT_PRODUCTS_DIR)/testChalkboard.app/testChalkboard";
			};
			name = Debug;
		};
		F7C5C96225BDB40E0079C6DF /* Release */ = {
			isa = XCBuildConfiguration;
			buildSettings = {
				ALWAYS_EMBED_SWIFT_STANDARD_LIBRARIES = YES;
				BUNDLE_LOADER = "$(TEST_HOST)";
				CODE_SIGN_STYLE = Automatic;
				DEVELOPMENT_TEAM = H4UJ4PQ6L8;
				INFOPLIST_FILE = testChalkboardTests/Info.plist;
				IPHONEOS_DEPLOYMENT_TARGET = 14.3;
				LD_RUNPATH_SEARCH_PATHS = (
					"$(inherited)",
					"@executable_path/Frameworks",
					"@loader_path/Frameworks",
				);
				PRODUCT_BUNDLE_IDENTIFIER = com.testChalkboard.testChalkboardTests;
				PRODUCT_NAME = "$(TARGET_NAME)";
				SWIFT_VERSION = 5.0;
				TARGETED_DEVICE_FAMILY = "1,2";
				TEST_HOST = "$(BUILT_PRODUCTS_DIR)/testChalkboard.app/testChalkboard";
			};
			name = Release;
		};
		F7C5C96425BDB40E0079C6DF /* Debug */ = {
			isa = XCBuildConfiguration;
			buildSettings = {
				ALWAYS_EMBED_SWIFT_STANDARD_LIBRARIES = YES;
				CODE_SIGN_STYLE = Automatic;
				DEVELOPMENT_TEAM = H4UJ4PQ6L8;
				INFOPLIST_FILE = testChalkboardUITests/Info.plist;
				LD_RUNPATH_SEARCH_PATHS = (
					"$(inherited)",
					"@executable_path/Frameworks",
					"@loader_path/Frameworks",
				);
				PRODUCT_BUNDLE_IDENTIFIER = com.testChalkboard.testChalkboardUITests;
				PRODUCT_NAME = "$(TARGET_NAME)";
				SWIFT_VERSION = 5.0;
				TARGETED_DEVICE_FAMILY = "1,2";
				TEST_TARGET_NAME = testChalkboard;
			};
			name = Debug;
		};
		F7C5C96525BDB40E0079C6DF /* Release */ = {
			isa = XCBuildConfiguration;
			buildSettings = {
				ALWAYS_EMBED_SWIFT_STANDARD_LIBRARIES = YES;
				CODE_SIGN_STYLE = Automatic;
				DEVELOPMENT_TEAM = H4UJ4PQ6L8;
				INFOPLIST_FILE = testChalkboardUITests/Info.plist;
				LD_RUNPATH_SEARCH_PATHS = (
					"$(inherited)",
					"@executable_path/Frameworks",
					"@loader_path/Frameworks",
				);
				PRODUCT_BUNDLE_IDENTIFIER = com.testChalkboard.testChalkboardUITests;
				PRODUCT_NAME = "$(TARGET_NAME)";
				SWIFT_VERSION = 5.0;
				TARGETED_DEVICE_FAMILY = "1,2";
				TEST_TARGET_NAME = testChalkboard;
			};
			name = Release;
		};
/* End XCBuildConfiguration section */

/* Begin XCConfigurationList section */
		F7C5C92E25BDB40C0079C6DF /* Build configuration list for PBXProject "testChalkboard" */ = {
			isa = XCConfigurationList;
			buildConfigurations = (
				F7C5C95B25BDB40E0079C6DF /* Debug */,
				F7C5C95C25BDB40E0079C6DF /* Release */,
			);
			defaultConfigurationIsVisible = 0;
			defaultConfigurationName = Release;
		};
		F7C5C95D25BDB40E0079C6DF /* Build configuration list for PBXNativeTarget "testChalkboard" */ = {
			isa = XCConfigurationList;
			buildConfigurations = (
				F7C5C95E25BDB40E0079C6DF /* Debug */,
				F7C5C95F25BDB40E0079C6DF /* Release */,
			);
			defaultConfigurationIsVisible = 0;
			defaultConfigurationName = Release;
		};
		F7C5C96025BDB40E0079C6DF /* Build configuration list for PBXNativeTarget "testChalkboardTests" */ = {
			isa = XCConfigurationList;
			buildConfigurations = (
				F7C5C96125BDB40E0079C6DF /* Debug */,
				F7C5C96225BDB40E0079C6DF /* Release */,
			);
			defaultConfigurationIsVisible = 0;
			defaultConfigurationName = Release;
		};
		F7C5C96325BDB40E0079C6DF /* Build configuration list for PBXNativeTarget "testChalkboardUITests" */ = {
			isa = XCConfigurationList;
			buildConfigurations = (
				F7C5C96425BDB40E0079C6DF /* Debug */,
				F7C5C96525BDB40E0079C6DF /* Release */,
			);
			defaultConfigurationIsVisible = 0;
			defaultConfigurationName = Release;
		};
/* End XCConfigurationList section */
	};
	rootObject = F7C5C92B25BDB40C0079C6DF /* Project object */;
}
